{
  "name": "veltra-media",
  "version": "1.0.0",
  "lockfileVersion": 3,
  "requires": true,
  "packages": {
    "": {
      "name": "veltra-media",
      "version": "1.0.0",
      "devDependencies": {
        "@alexanderolsen/libsamplerate-js": "^2.1.2",
        "@axe-core/playwright": "^4.11.1",
        "@elevenlabs/client": "^1.25.0",
        "@playwright/test": "^1.58.2",
        "@supabase/supabase-js": "^2.117.2",
        "postgres": "^3.4.9"
      },
      "engines": {
        "node": ">=22"
      }
    },
    "node_modules/@alexanderolsen/libsamplerate-js": {
      "version": "2.1.2",
      "resolved": "https://registry.npmjs.org/@alexanderolsen/libsamplerate-js/-/libsamplerate-js-2.1.2.tgz",
      "integrity": "sha512-pIXQDX/DZIgz6pKInUddDd6Tnq/s2E9g4ZITkKX60kxM/nAuZcxYa/z0y/jwJbjyp/oKe+8/qHLSqMzQ18xSiQ==",
      "dev": true,
      "license": "MIT"
    },
    "node_modules/@axe-core/playwright": {
      "version": "4.13.0",
      "resolved": "https://registry.npmjs.org/@axe-core/playwright/-/playwright-4.13.0.tgz",
      "integrity": "sha512-6YLx+kxXu5GJceG4ozFg+33a2EMTdjYwWGloJ3sb9Kta5pp+ZNS53uxGVog5JetIY8s++P5UrtX+cri+u0VAVg==",
      "dev": true,
      "license": "MPL-2.0",
      "dependencies": {
        "axe-core": "~4.13.0"
      },
      "peerDependencies": {
        "playwright-core": ">= 1.0.0"
      }
    },
    "node_modules/@bufbuild/protobuf": {
      "version": "1.10.1",
      "resolved": "https://registry.npmjs.org/@bufbuild/protobuf/-/protobuf-1.10.1.tgz",
      "integrity": "sha512-wJ8ReQbHxsAfXhrf9ixl0aYbZorRuOWpBNzm8pL8ftmSxQx/wnJD5Eg861NwJU/czy2VXFIebCeZnZrI9rktIQ==",
      "dev": true,
      "license": "(Apache-2.0 AND BSD-3-Clause)"
    },
    "node_modules/@elevenlabs/client": {
      "version": "1.25.0",
      "resolved": "https://registry.npmjs.org/@elevenlabs/client/-/client-1.25.0.tgz",
      "integrity": "sha512-vBUCW7JNm0LXlReO1GQEuZSSg+AFwJ0EBvtVKfayPO2DpKh68Wq6WM6d27bMDrWkBf43C/Ifs9ZMBm6qaSj0Jg==",
      "dev": true,
      "license": "MIT",
      "dependencies": {
        "@elevenlabs/types": "0.23.0",
        "livekit-client": "^2.21.0"
      }
    },
    "node_modules/@elevenlabs/types": {
      "version": "0.23.0",
      "resolved": "https://registry.npmjs.org/@elevenlabs/types/-/types-0.23.0.tgz",
      "integrity": "sha512-Lutf5CPLcCFmo4PkBA7hNT/UiFD0Pzr0gYadaJIqaOrJ2UEjmCQG+vN82G/PX8C9A+y6ew7cIEgA5jg0xQCTDg==",
      "dev": true,
      "license": "MIT"
    },
    "node_modules/@livekit/mutex": {
      "version": "1.1.1",
      "resolved": "https://registry.npmjs.org/@livekit/mutex/-/mutex-1.1.1.tgz",
      "integrity": "sha512-EsshAucklmpuUAfkABPxJNhzj9v2sG7JuzFDL4ML1oJQSV14sqrpTYnsaOudMAw9yOaW53NU3QQTlUQoRs4czw==",
      "dev": true,
      "license": "Apache-2.0"
    },
    "node_modules/@livekit/protocol": {
      "version": "1.50.4",
      "resolved": "https://registry.npmjs.org/@livekit/protocol/-/protocol-1.50.4.tgz",
      "integrity": "sha512-L1uggNQAqyY21smQY8AllyOYbcv9Me9TaxwuLytL1R8ck9nbYPmQLNwEDi3pOFGAMa5F8I2nUi2Jc59W5awxlA==",
      "dev": true,
      "license": "Apache-2.0",
      "dependencies": {
        "@bufbuild/protobuf": "^1.10.0"
      }
    },
    "node_modules/@playwright/test": {
      "version": "1.63.0",
      "resolved": "https://registry.npmjs.org/@playwright/test/-/test-1.63.0.tgz",
      "integrity": "sha512-oxMK4vllB9RK5NQ2l1pq1IfOf2AvnEuj/vYGDj0H2nMtmtZpKtCwt/l00GEO6xjGfpBNAvjovvYdCm50dRQkpQ==",
      "dev": true,
      "license": "Apache-2.0",
      "dependencies": {
        "playwright": "1.63.0"
      },
      "bin": {
        "playwright": "cli.js"
      },
      "engines": {
        "node": ">=20"
      }
    },
    "node_modules/@supabase/auth-js": {
      "version": "2.117.2",
      "resolved": "https://registry.npmjs.org/@supabase/auth-js/-/auth-js-2.117.2.tgz",
      "integrity": "sha512-Z3WnGwrphYZubrLbxp5Iv0tLA9A5GhvKzJ/ZXglxqwd2QEH2R4dXRltjVJ8sIn4xEW2BSFIGT0yALVJIgZeDYw==",
      "dev": true,
      "license": "MIT",
      "dependencies": {
        "tslib": "2.8.1"
      },
      "engines": {
        "node": ">=22.0.0"
      }
    },
    "node_modules/@supabase/functions-js": {
      "version": "2.117.2",
      "resolved": "https://registry.npmjs.org/@supabase/functions-js/-/functions-js-2.117.2.tgz",
      "integrity": "sha512-6DT4ZIjmZxa9ANKaBIrjc86AyKrX8M376ynvNeOBBVad3eP7x3UHqWfDR2ynFkHGzCuOpr1A+kObmnahxuwuog==",
      "dev": true,
      "license": "MIT",
      "dependencies": {
        "tslib": "2.8.1"
      },
      "engines": {
        "node": ">=22.0.0"
      }
    },
    "node_modules/@supabase/phoenix": {
      "version": "0.4.5",
      "resolved": "https://registry.npmjs.org/@supabase/phoenix/-/phoenix-0.4.5.tgz",
      "integrity": "sha512-aAn9H9ovVyeApKy11OWOrrOGq8DV68yWeH4ud2lN9fzn4aO8Zb5GLL9m1pUg9nLqIcT+ZDfAcsZe0E/nqdv2lw==",
      "dev": true,
      "license": "MIT"
    },
    "node_modules/@supabase/postgrest-js": {
      "version": "2.117.2",
      "resolved": "https://registry.npmjs.org/@supabase/postgrest-js/-/postgrest-js-2.117.2.tgz",
      "integrity": "sha512-V1Qhn+M8xzJqCasOxHZ2KG19Fj39PxU7weEAmOK65/KTsWCRXboB4hcQwFvxRvM7ZikeP9IZWNvQkfjvSxzYFw==",
      "dev": true,
      "license": "MIT",
      "dependencies": {
        "tslib": "2.8.1"
      },
      "engines": {
        "node": ">=22.0.0"
      }
    },
    "node_modules/@supabase/realtime-js": {
      "version": "2.117.2",
      "resolved": "https://registry.npmjs.org/@supabase/realtime-js/-/realtime-js-2.117.2.tgz",
      "integrity": "sha512-lYXSAIg3eAKA58riUED6Vb+TCzF8jtx18uOoiCaVJ7ZMre6FWBpwB1MPeW+B6vykJT/hPdiuqwcSB7ILMS21ew==",
      "dev": true,
      "license": "MIT",
      "dependencies": {
        "@supabase/phoenix": "0.4.5",
        "tslib": "2.8.1"
      },
      "engines": {
        "node": ">=22.0.0"
      }
    },
    "node_modules/@supabase/storage-js": {
      "version": "2.117.2",
      "resolved": "https://registry.npmjs.org/@supabase/storage-js/-/storage-js-2.117.2.tgz",
      "integrity": "sha512-8gAJoVaxZa/War2kFRfJMxGk4M190Q7lJ70BofwGlRxU/u9pIodd6XyTvmXkxOKXWuIYtkDaYPZrIAUt1T/7FQ==",
      "dev": true,
      "license": "MIT",
      "dependencies": {
        "iceberg-js": "^0.8.1",
        "tslib": "2.8.1"
      },
      "engines": {
        "node": ">=22.0.0"
      }
    },
    "node_modules/@supabase/supabase-js": {
      "version": "2.117.2",
      "resolved": "https://registry.npmjs.org/@supabase/supabase-js/-/supabase-js-2.117.2.tgz",
      "integrity": "sha512-eSG2VKnHR+Clp1PmidZ1/weJ8PJwoybjva3L2GgKqFG4YDS1Iqmc61psKGZP5xw6OMT2O7ZorPR42PY6q1BOXg==",
      "dev": true,
      "license": "MIT",
      "dependencies": {
        "@supabase/auth-js": "2.117.2",
        "@supabase/functions-js": "2.117.2",
        "@supabase/postgrest-js": "2.117.2",
        "@supabase/realtime-js": "2.117.2",
        "@supabase/storage-js": "2.117.2"
      },
      "engines": {
        "node": ">=22.0.0"
      },
      "peerDependencies": {
        "@opentelemetry/api": ">=1.0.0"
      },
      "peerDependenciesMeta": {
        "@opentelemetry/api": {
          "optional": true
        }
      }
    },
    "node_modules/@types/dom-mediacapture-record": {
      "version": "1.0.22",
      "resolved": "https://registry.npmjs.org/@types/dom-mediacapture-record/-/dom-mediacapture-record-1.0.22.tgz",
      "integrity": "sha512-mUMZLK3NvwRLcAAT9qmcK+9p7tpU2FHdDsntR3YI4+GY88XrgG4XiE7u1Q2LAN2/FZOz/tdMDC3GQCR4T8nFuw==",
      "dev": true,
      "license": "MIT",
      "peer": true
    },
    "node_modules/axe-core": {
      "version": "4.13.0",
      "resolved": "https://registry.npmjs.org/axe-core/-/axe-core-4.13.0.tgz",
      "integrity": "sha512-UzGt8zg7Ny8djbYMhxl2zuEevVa7r2gJjYY5Lwr1xM7+XU2nd6CkIWFTVcCIbAP63vSz71NaVyyuSk9lHKcy0A==",
      "dev": true,
      "license": "MPL-2.0",
      "engines": {
        "node": ">=4"
      }
    },
    "node_modules/events": {
      "version": "3.3.0",
      "resolved": "https://registry.npmjs.org/events/-/events-3.3.0.tgz",
      "integrity": "sha512-mQw+2fkQbALzQ7V0MY0IqdnXNOeTtP4r0lN9z7AAawCXgqea7bDii20AYrIBrFd/Hx0M2Ocz6S111CaFkUcb0Q==",
      "dev": true,
      "license": "MIT",
      "engines": {
        "node": ">=0.8.x"
      }
    },
    "node_modules/iceberg-js": {
      "version": "0.8.1",
      "resolved": "https://registry.npmjs.org/iceberg-js/-/iceberg-js-0.8.1.tgz",
      "integrity": "sha512-1dhVQZXhcHje7798IVM+xoo/1ZdVfzOMIc8/rgVSijRK38EDqOJoGula9N/8ZI5RD8QTxNQtK/Gozpr+qUqRRA==",
      "dev": true,
      "license": "MIT",
      "engines": {
        "node": ">=20.0.0"
      }
    },
    "node_modules/jose": {
      "version": "6.2.12",
      "resolved": "https://registry.npmjs.org/jose/-/jose-6.2.12.tgz",
      "integrity": "sha512-9NiFmJEex0sy2Dk58j2UGBSHgUs2ypF9eZSu4L6vjOX3Dp96Sw1F3uL+H+D1sx02jZZdzUT0HgvCy59CuvXcWw==",
      "dev": true,
      "license": "MIT",
      "funding": {
        "url": "https://github.com/sponsors/panva"
      }
    },
    "node_modules/livekit-client": {
      "version": "2.22.3",
      "resolved": "https://registry.npmjs.org/livekit-client/-/livekit-client-2.22.3.tgz",
      "integrity": "sha512-jw9zBKXY5Gtr5MZ7vEON3QhMNccuDvYHck1PFSyG1aaateQPqgKZFBMgZkFZaXHIf9RV4MDW5xpTK2b/+qbwOg==",
      "dev": true,
      "license": "Apache-2.0",
      "dependencies": {
        "@livekit/mutex": "1.1.1",
        "@livekit/protocol": "1.50.4",
        "events": "^3.3.0",
        "jose": "^6.1.0",
        "loglevel": "^1.9.2",
        "machina": "^7.0.0",
        "sdp-transform": "^2.15.0",
        "tslib": "2.8.1",
        "typed-emitter": "^2.1.0",
        "webrtc-adapter": "9.0.6"
      },
      "peerDependencies": {
        "@types/dom-mediacapture-record": "^1"
      }
    },
    "node_modules/loglevel": {
      "version": "1.9.2",
      "resolved": "https://registry.npmjs.org/loglevel/-/loglevel-1.9.2.tgz",
      "integrity": "sha512-HgMmCqIJSAKqo68l0rS2AanEWfkxaZ5wNiEFb5ggm08lDs9Xl2KxBlX3PTcaD2chBM1gXAYf491/M2Rv8Jwayg==",
      "dev": true,
      "license": "MIT",
      "engines": {
        "node": ">= 0.6.0"
      },
      "funding": {
        "type": "tidelift",
        "url": "https://tidelift.com/funding/github/npm/loglevel"
      }
    },
    "node_modules/machina": {
      "version": "7.0.1",
      "resolved": "https://registry.npmjs.org/machina/-/machina-7.0.1.tgz",
      "integrity": "sha512-0Xkgs8NeBvO2hW6bjJT8ewLWrMfh1haMPstaghpASWjXkLjRhtDiaJG1Kb7mslaOHxZYxpH7PIjpmirRVYbMMA==",
      "dev": true,
      "license": "MIT",
      "engines": {
        "node": ">=22.22"
      }
    },
    "node_modules/playwright": {
      "version": "1.63.0",
      "resolved": "https://registry.npmjs.org/playwright/-/playwright-1.63.0.tgz",
      "integrity": "sha512-+7ziBLidS4NaNCdt57SUDT+wYmmd5fmiQejUic/kb+YsYSCPyOOE9sebzMjNmQrsnNpDJqd4WHvV/8lfKfUDUg==",
      "dev": true,
      "license": "Apache-2.0",
      "dependencies": {
        "playwright-core": "1.63.0"
      },
      "bin": {
        "playwright": "cli.js"
      },
      "engines": {
        "node": ">=20"
      }
    },
    "node_modules/playwright-core": {
      "version": "1.63.0",
      "resolved": "https://registry.npmjs.org/playwright-core/-/playwright-core-1.63.0.tgz",
      "integrity": "sha512-rYCsBF/M5HjUch52bbtVONEFjv6Xu8sm8h72dNlR5bzIE1fvC/bxgspzkjSfU+MweEMmPM8KJebG6nnyxo5mCg==",
      "dev": true,
      "license": "Apache-2.0",
      "bin": {
        "playwright-core": "cli.js"
      },
      "engines": {
        "node": ">=20"
      }
    },
    "node_modules/postgres": {
      "version": "3.4.9",
      "resolved": "https://registry.npmjs.org/postgres/-/postgres-3.4.9.tgz",
      "integrity": "sha512-GD3qdB0x1z9xgFI6cdRD6xu2Sp2WCOEoe3mtnyB5Ee0XrrL5Pe+e4CCnJrRMnL1zYtRDZmQQVbvOttLnKDLnaw==",
      "dev": true,
      "license": "Unlicense",
      "engines": {
        "node": ">=12"
      },
      "funding": {
        "type": "individual",
        "url": "https://github.com/sponsors/porsager"
      }
    },
    "node_modules/rxjs": {
      "version": "7.8.2",
      "resolved": "https://registry.npmjs.org/rxjs/-/rxjs-7.8.2.tgz",
      "integrity": "sha512-dhKf903U/PQZY6boNNtAGdWbG85WAbjT/1xYoZIC7FAY0yWapOBQVsVrDl58W86//e1VpMNBtRV4MaXfdMySFA==",
      "dev": true,
      "license": "Apache-2.0",
      "optional": true,
      "dependencies": {
        "tslib": "^2.1.0"
      }
    },
    "node_modules/sdp": {
      "version": "3.2.2",
      "resolved": "https://registry.npmjs.org/sdp/-/sdp-3.2.2.tgz",
      "integrity": "sha512-xZocWwfyp4hkbN4hLWxMjmv2Q8aNa9MhmOZ7L9aCZPT+dZsgRr6wZRrSYE3HTdyk/2pZKPSgqI7ns7Een1xMSA==",
      "dev": true,
      "license": "MIT"
    },
    "node_modules/sdp-transform": {
      "version": "2.15.0",
      "resolved": "https://registry.npmjs.org/sdp-transform/-/sdp-transform-2.15.0.tgz",
      "integrity": "sha512-KrOH82c/W+GYQ0LHqtr3caRpM3ITglq3ljGUIb8LTki7ByacJZ9z+piSGiwZDsRyhQbYBOBJgr2k6X4BZXi3Kw==",
      "dev": true,
      "license": "MIT",
      "bin": {
        "sdp-verify": "checker.js"
      }
    },
    "node_modules/tslib": {
      "version": "2.8.1",
      "resolved": "https://registry.npmjs.org/tslib/-/tslib-2.8.1.tgz",
      "integrity": "sha512-oJFu94HQb+KVduSUQL7wnpmqnfmLsOA/nAh6b6EH0wCEoK0/mPeXU6c3wKDV83MkOuHPRHtSXKKU99IBazS/2w==",
      "dev": true,
      "license": "0BSD"
    },
    "node_modules/typed-emitter": {
      "version": "2.1.0",
      "resolved": "https://registry.npmjs.org/typed-emitter/-/typed-emitter-2.1.0.tgz",
      "integrity": "sha512-g/KzbYKbH5C2vPkaXGu8DJlHrGKHLsM25Zg9WuC9pMGfuvT+X25tZQWo5fK1BjBm8+UrVE9LDCvaY0CQk+fXDA==",
      "dev": true,
      "license": "MIT",
      "optionalDependencies": {
        "rxjs": "*"
      }
    },
    "node_modules/webrtc-adapter": {
      "version": "9.0.6",
      "resolved": "https://registry.npmjs.org/webrtc-adapter/-/webrtc-adapter-9.0.6.tgz",
      "integrity": "sha512-CHbl2ZQbxx164IgWRgzJno4hWtM4tFbRam1QfI3Yxhs3w/DvqluVxVWeXs3oL5/fbGkSNLKo0Ty5MgUWceNhog==",
      "dev": true,
      "license": "BSD-3-Clause",
      "dependencies": {
        "sdp": "^3.2.0"
      },
      "engines": {
        "node": ">=6.0.0",
        "npm": ">=3.10.0"
      }
    }
  }
}
